// !$*UTF8*$!
{
	archiveVersion = 1;
	classes = {
	};
	objectVersion = 46;
	objects = {

/* Begin PBXBuildFile section */
		1D36AAFC187A79BC0008E430 /* ViewController3.m in Sources */ = {isa = PBXBuildFile; fileRef = 1D36AAFB187A79BC0008E430 /* ViewController3.m */; };
		1D36AAFF187A7C6B0008E430 /* ViewController4.m in Sources */ = {isa = PBXBuildFile; fileRef = 1D36AAFE187A7C6B0008E430 /* ViewController4.m */; };
		1D36AB02187AC7680008E430 /* collectionViewCell.m in Sources */ = {isa = PBXBuildFile; fileRef = 1D36AB01187AC7680008E430 /* collectionViewCell.m */; };
		1D36AB06187AD1900008E430 /* collectionReusableView.m in Sources */ = {isa = PBXBuildFile; fileRef = 1D36AB05187AD1900008E430 /* collectionReusableView.m */; };
		1D6FDD961871645800A4AE6B /* Foundation.framework in Frameworks */ = {isa = PBXBuildFile; fileRef = 1D6FDD951871645800A4AE6B /* Foundation.framework */; };
		1D6FDD981871645800A4AE6B /* CoreGraphics.framework in Frameworks */ = {isa = PBXBuildFile; fileRef = 1D6FDD971871645800A4AE6B /* CoreGraphics.framework */; };
		1D6FDD9A1871645800A4AE6B /* UIKit.framework in Frameworks */ = {isa = PBXBuildFile; fileRef = 1D6FDD991871645800A4AE6B /* UIKit.framework */; };
		1D6FDDA01871645800A4AE6B /* InfoPlist.strings in Resources */ = {isa = PBXBuildFile; fileRef = 1D6FDD9E1871645800A4AE6B /* InfoPlist.strings */; };
		1D6FDDA21871645800A4AE6B /* main.m in Sources */ = {isa = PBXBuildFile; fileRef = 1D6FDDA11871645800A4AE6B /* main.m */; };
		1D6FDDA61871645800A4AE6B /* AppDelegate.m in Sources */ = {isa = PBXBuildFile; fileRef = 1D6FDDA51871645800A4AE6B /* AppDelegate.m */; };
		1D6FDDA91871645800A4AE6B /* Main.storyboard in Resources */ = {isa = PBXBuildFile; fileRef = 1D6FDDA71871645800A4AE6B /* Main.storyboard */; };
		1D6FDDAC1871645800A4AE6B /* ViewController.m in Sources */ = {isa = PBXBuildFile; fileRef = 1D6FDDAB1871645800A4AE6B /* ViewController.m */; };
		1D6FDDAE1871645800A4AE6B /* Images.xcassets in Resources */ = {isa = PBXBuildFile; fileRef = 1D6FDDAD1871645800A4AE6B /* Images.xcassets */; };
		1D6FDDB51871645800A4AE6B /* XCTest.framework in Frameworks */ = {isa = PBXBuildFile; fileRef = 1D6FDDB41871645800A4AE6B /* XCTest.framework */; };
		1D6FDDB61871645800A4AE6B /* Foundation.framework in Frameworks */ = {isa = PBXBuildFile; fileRef = 1D6FDD951871645800A4AE6B /* Foundation.framework */; };
		1D6FDDB71871645800A4AE6B /* UIKit.framework in Frameworks */ = {isa = PBXBuildFile; fileRef = 1D6FDD991871645800A4AE6B /* UIKit.framework */; };
		1D6FDDBF1871645800A4AE6B /* InfoPlist.strings in Resources */ = {isa = PBXBuildFile; fileRef = 1D6FDDBD1871645800A4AE6B /* InfoPlist.strings */; };
		1D6FDDC11871645800A4AE6B /* testKvoTests.m in Sources */ = {isa = PBXBuildFile; fileRef = 1D6FDDC01871645800A4AE6B /* testKvoTests.m */; };
		1D6FDDCC1871646B00A4AE6B /* classA.m in Sources */ = {isa = PBXBuildFile; fileRef = 1D6FDDCB1871646B00A4AE6B /* classA.m */; };
		1D6FDDD0187164E800A4AE6B /* classb.m in Sources */ = {isa = PBXBuildFile; fileRef = 1D6FDDCF187164E800A4AE6B /* classb.m */; };
		1DB8743D18765F1200135F86 /* ViewController2.m in Sources */ = {isa = PBXBuildFile; fileRef = 1DB8743C18765F1200135F86 /* ViewController2.m */; };
		1DDC30CC187B9EEF001EE706 /* settings.m in Sources */ = {isa = PBXBuildFile; fileRef = 1DDC30CB187B9EEF001EE706 /* settings.m */; };
		1DDC30CF187BA0AD001EE706 /* firstViewController.m in Sources */ = {isa = PBXBuildFile; fileRef = 1DDC30CE187BA0AD001EE706 /* firstViewController.m */; };
		1DF00316187A54E80085257E /* iAd.framework in Frameworks */ = {isa = PBXBuildFile; fileRef = 1DF00315187A54E80085257E /* iAd.framework */; };
		1DF00319187A6B050085257E /* pageViewController.m in Sources */ = {isa = PBXBuildFile; fileRef = 1DF00318187A6B050085257E /* pageViewController.m */; };
/* End PBXBuildFile section */

/* Begin PBXContainerItemProxy section */
		1D6FDDB81871645800A4AE6B /* PBXContainerItemProxy */ = {
			isa = PBXContainerItemProxy;
			containerPortal = 1D6FDD8A1871645700A4AE6B /* Project object */;
			proxyType = 1;
			remoteGlobalIDString = 1D6FDD911871645800A4AE6B;
			remoteInfo = testKvo;
		};
/* End PBXContainerItemProxy section */

/* Begin PBXFileReference section */
		1D36AAFA187A79BC0008E430 /* ViewController3.h */ = {isa = PBXFileReference; fileEncoding = 4; lastKnownFileType = sourcecode.c.h; path = ViewController3.h; sourceTree = "<group>"; };
		1D36AAFB187A79BC0008E430 /* ViewController3.m */ = {isa = PBXFileReference; fileEncoding = 4; lastKnownFileType = sourcecode.c.objc; path = ViewController3.m; sourceTree = "<group>"; };
		1D36AAFD187A7C6B0008E430 /* ViewController4.h */ = {isa = PBXFileReference; fileEncoding = 4; lastKnownFileType = sourcecode.c.h; path = ViewController4.h; sourceTree = "<group>"; };
		1D36AAFE187A7C6B0008E430 /* ViewController4.m */ = {isa = PBXFileReference; fileEncoding = 4; lastKnownFileType = sourcecode.c.objc; path = ViewController4.m; sourceTree = "<group>"; };
		1D36AB00187AC7680008E430 /* collectionViewCell.h */ = {isa = PBXFileReference; fileEncoding = 4; lastKnownFileType = sourcecode.c.h; path = collectionViewCell.h; sourceTree = "<group>"; };
		1D36AB01187AC7680008E430 /* collectionViewCell.m */ = {isa = PBXFileReference; fileEncoding = 4; lastKnownFileType = sourcecode.c.objc; path = collectionViewCell.m; sourceTree = "<group>"; };
		1D36AB04187AD1900008E430 /* collectionReusableView.h */ = {isa = PBXFileReference; fileEncoding = 4; lastKnownFileType = sourcecode.c.h; path = collectionReusableView.h; sourceTree = "<group>"; };
		1D36AB05187AD1900008E430 /* collectionReusableView.m */ = {isa = PBXFileReference; fileEncoding = 4; lastKnownFileType = sourcecode.c.objc; path = collectionReusableView.m; sourceTree = "<group>"; };
		1D6FDD921871645800A4AE6B /* testKvo.app */ = {isa = PBXFileReference; explicitFileType = wrapper.application; includeInIndex = 0; path = testKvo.app; sourceTree = BUILT_PRODUCTS_DIR; };
		1D6FDD951871645800A4AE6B /* Foundation.framework */ = {isa = PBXFileReference; lastKnownFileType = wrapper.framework; name = Foundation.framework; path = System/Library/Frameworks/Foundation.framework; sourceTree = SDKROOT; };
		1D6FDD971871645800A4AE6B /* CoreGraphics.framework */ = {isa = PBXFileReference; lastKnownFileType = wrapper.framework; name = CoreGraphics.framework; path = System/Library/Frameworks/CoreGraphics.framework; sourceTree = SDKROOT; };
		1D6FDD991871645800A4AE6B /* UIKit.framework */ = {isa = PBXFileReference; lastKnownFileType = wrapper.framework; name = UIKit.framework; path = System/Library/Frameworks/UIKit.framework; sourceTree = SDKROOT; };
		1D6FDD9D1871645800A4AE6B /* testKvo-Info.plist */ = {isa = PBXFileReference; lastKnownFileType = text.plist.xml; path = "testKvo-Info.plist"; sourceTree = "<group>"; };
		1D6FDD9F1871645800A4AE6B /* en */ = {isa = PBXFileReference; lastKnownFileType = text.plist.strings; name = en; path = en.lproj/InfoPlist.strings; sourceTree = "<group>"; };
		1D6FDDA11871645800A4AE6B /* main.m */ = {isa = PBXFileReference; lastKnownFileType = sourcecode.c.objc; path = main.m; sourceTree = "<group>"; };
		1D6FDDA31871645800A4AE6B /* testKvo-Prefix.pch */ = {isa = PBXFileReference; lastKnownFileType = sourcecode.c.h; path = "testKvo-Prefix.pch"; sourceTree = "<group>"; };
		1D6FDDA41871645800A4AE6B /* AppDelegate.h */ = {isa = PBXFileReference; lastKnownFileType = sourcecode.c.h; path = AppDelegate.h; sourceTree = "<group>"; };
		1D6FDDA51871645800A4AE6B /* AppDelegate.m */ = {isa = PBXFileReference; lastKnownFileType = sourcecode.c.objc; path = AppDelegate.m; sourceTree = "<group>"; };
		1D6FDDA81871645800A4AE6B /* Base */ = {isa = PBXFileReference; lastKnownFileType = file.storyboard; name = Base; path = Base.lproj/Main.storyboard; sourceTree = "<group>"; };
		1D6FDDAA1871645800A4AE6B /* ViewController.h */ = {isa = PBXFileReference; lastKnownFileType = sourcecode.c.h; path = ViewController.h; sourceTree = "<group>"; };
		1D6FDDAB1871645800A4AE6B /* ViewController.m */ = {isa = PBXFileReference; lastKnownFileType = sourcecode.c.objc; path = ViewController.m; sourceTree = "<group>"; };
		1D6FDDAD1871645800A4AE6B /* Images.xcassets */ = {isa = PBXFileReference; lastKnownFileType = folder.assetcatalog; path = Images.xcassets; sourceTree = "<group>"; };
		1D6FDDB31871645800A4AE6B /* testKvoTests.xctest */ = {isa = PBXFileReference; explicitFileType = wrapper.cfbundle; includeInIndex = 0; path = testKvoTests.xctest; sourceTree = BUILT_PRODUCTS_DIR; };
		1D6FDDB41871645800A4AE6B /* XCTest.framework */ = {isa = PBXFileReference; lastKnownFileType = wrapper.framework; name = XCTest.framework; path = Library/Frameworks/XCTest.framework; sourceTree = DEVELOPER_DIR; };
		1D6FDDBC1871645800A4AE6B /* testKvoTests-Info.plist */ = {isa = PBXFileReference; lastKnownFileType = text.plist.xml; path = "testKvoTests-Info.plist"; sourceTree = "<group>"; };
		1D6FDDBE1871645800A4AE6B /* en */ = {isa = PBXFileReference; lastKnownFileType = text.plist.strings; name = en; path = en.lproj/InfoPlist.strings; sourceTree = "<group>"; };
		1D6FDDC01871645800A4AE6B /* testKvoTests.m */ = {isa = PBXFileReference; lastKnownFileType = sourcecode.c.objc; path = testKvoTests.m; sourceTree = "<group>"; };
		1D6FDDCA1871646B00A4AE6B /* classA.h */ = {isa = PBXFileReference; fileEncoding = 4; lastKnownFileType = sourcecode.c.h; path = classA.h; sourceTree = "<group>"; };
		1D6FDDCB1871646B00A4AE6B /* classA.m */ = {isa = PBXFileReference; fileEncoding = 4; lastKnownFileType = sourcecode.c.objc; path = classA.m; sourceTree = "<group>"; };
		1D6FDDCD1871649200A4AE6B /* ARCSingletonTemplate.h */ = {isa = PBXFileReference; fileEncoding = 4; lastKnownFileType = sourcecode.c.h; path = ARCSingletonTemplate.h; sourceTree = "<group>"; };
		1D6FDDCE187164E800A4AE6B /* classb.h */ = {isa = PBXFileReference; fileEncoding = 4; lastKnownFileType = sourcecode.c.h; path = classb.h; sourceTree = "<group>"; };
		1D6FDDCF187164E800A4AE6B /* classb.m */ = {isa = PBXFileReference; fileEncoding = 4; lastKnownFileType = sourcecode.c.objc; path = classb.m; sourceTree = "<group>"; };
		1DB8743B18765F1200135F86 /* ViewController2.h */ = {isa = PBXFileReference; fileEncoding = 4; lastKnownFileType = sourcecode.c.h; path = ViewController2.h; sourceTree = "<group>"; };
		1DB8743C18765F1200135F86 /* ViewController2.m */ = {isa = PBXFileReference; fileEncoding = 4; lastKnownFileType = sourcecode.c.objc; path = ViewController2.m; sourceTree = "<group>"; };
		1DDC30CA187B9EEF001EE706 /* settings.h */ = {isa = PBXFileReference; fileEncoding = 4; lastKnownFileType = sourcecode.c.h; path = settings.h; sourceTree = "<group>"; };
		1DDC30CB187B9EEF001EE706 /* settings.m */ = {isa = PBXFileReference; fileEncoding = 4; lastKnownFileType = sourcecode.c.objc; path = settings.m; sourceTree = "<group>"; };
		1DDC30CD187BA0AD001EE706 /* firstViewController.h */ = {isa = PBXFileReference; fileEncoding = 4; lastKnownFileType = sourcecode.c.h; path = firstViewController.h; sourceTree = "<group>"; };
		1DDC30CE187BA0AD001EE706 /* firstViewController.m */ = {isa = PBXFileReference; fileEncoding = 4; lastKnownFileType = sourcecode.c.objc; path = firstViewController.m; sourceTree = "<group>"; };
		1DF0030E187A52DE0085257E /* testKvo.entitlements */ = {isa = PBXFileReference; lastKnownFileType = text.xml; path = testKvo.entitlements; sourceTree = "<group>"; };
		1DF00315187A54E80085257E /* iAd.framework */ = {isa = PBXFileReference; lastKnownFileType = wrapper.framework; name = iAd.framework; path = System/Library/Frameworks/iAd.framework; sourceTree = SDKROOT; };
		1DF00317187A6B050085257E /* pageViewController.h */ = {isa = PBXFileReference; fileEncoding = 4; lastKnownFileType = sourcecode.c.h; path = pageViewController.h; sourceTree = "<group>"; };
		1DF00318187A6B050085257E /* pageViewController.m */ = {isa = PBXFileReference; fileEncoding = 4; lastKnownFileType = sourcecode.c.objc; path = pageViewController.m; sourceTree = "<group>"; };
/* End PBXFileReference section */

/* Begin PBXFrameworksBuildPhase section */
		1D6FDD8F1871645800A4AE6B /* Frameworks */ = {
			isa = PBXFrameworksBuildPhase;
			buildActionMask = 2147483647;
			files = (
				1DF00316187A54E80085257E /* iAd.framework in Frameworks */,
				1D6FDD981871645800A4AE6B /* CoreGraphics.framework in Frameworks */,
				1D6FDD9A1871645800A4AE6B /* UIKit.framework in Frameworks */,
				1D6FDD961871645800A4AE6B /* Foundation.framework in Frameworks */,
			);
			runOnlyForDeploymentPostprocessing = 0;
		};
		1D6FDDB01871645800A4AE6B /* Frameworks */ = {
			isa = PBXFrameworksBuildPhase;
			buildActionMask = 2147483647;
			files = (
				1D6FDDB51871645800A4AE6B /* XCTest.framework in Frameworks */,
				1D6FDDB71871645800A4AE6B /* UIKit.framework in Frameworks */,
				1D6FDDB61871645800A4AE6B /* Foundation.framework in Frameworks */,
			);
			runOnlyForDeploymentPostprocessing = 0;
		};
/* End PBXFrameworksBuildPhase section */

/* Begin PBXGroup section */
		1D36AB03187AC7990008E430 /* MyUICollectionView */ = {
			isa = PBXGroup;
			children = (
				1D6FDDAD1871645800A4AE6B /* Images.xcassets */,
				1D6FDDCD1871649200A4AE6B /* ARCSingletonTemplate.h */,
				1DDC30CA187B9EEF001EE706 /* settings.h */,
				1DDC30CB187B9EEF001EE706 /* settings.m */,
				1D6FDDA71871645800A4AE6B /* Main.storyboard */,
				1DDC30CD187BA0AD001EE706 /* firstViewController.h */,
				1DDC30CE187BA0AD001EE706 /* firstViewController.m */,
				1D36AB04187AD1900008E430 /* collectionReusableView.h */,
				1D36AB05187AD1900008E430 /* collectionReusableView.m */,
				1D36AB00187AC7680008E430 /* collectionViewCell.h */,
				1D36AB01187AC7680008E430 /* collectionViewCell.m */,
				1D36AAFD187A7C6B0008E430 /* ViewController4.h */,
				1D36AAFE187A7C6B0008E430 /* ViewController4.m */,
			);
			name = MyUICollectionView;
			sourceTree = "<group>";
		};
		1D61E1311871D15800E1A730 /* model */ = {
			isa = PBXGroup;
			children = (
				1D6FDDCA1871646B00A4AE6B /* classA.h */,
				1D6FDDCB1871646B00A4AE6B /* classA.m */,
				1D6FDDCE187164E800A4AE6B /* classb.h */,
				1D6FDDCF187164E800A4AE6B /* classb.m */,
			);
			name = model;
			path = ..;
			sourceTree = "<group>";
		};
		1D6FDD891871645700A4AE6B = {
			isa = PBXGroup;
			children = (
				1D6FDD9B1871645800A4AE6B /* testKvo */,
				1D6FDDBA1871645800A4AE6B /* testKvoTests */,
				1D6FDD941871645800A4AE6B /* Frameworks */,
				1D6FDD931871645800A4AE6B /* Products */,
			);
			sourceTree = "<group>";
		};
		1D6FDD931871645800A4AE6B /* Products */ = {
			isa = PBXGroup;
			children = (
				1D6FDD921871645800A4AE6B /* testKvo.app */,
				1D6FDDB31871645800A4AE6B /* testKvoTests.xctest */,
			);
			name = Products;
			sourceTree = "<group>";
		};
		1D6FDD941871645800A4AE6B /* Frameworks */ = {
			isa = PBXGroup;
			children = (
				1DF00315187A54E80085257E /* iAd.framework */,
				1D6FDD951871645800A4AE6B /* Foundation.framework */,
				1D6FDD971871645800A4AE6B /* CoreGraphics.framework */,
				1D6FDD991871645800A4AE6B /* UIKit.framework */,
				1D6FDDB41871645800A4AE6B /* XCTest.framework */,
			);
			name = Frameworks;
			sourceTree = "<group>";
		};
		1D6FDD9B1871645800A4AE6B /* testKvo */ = {
			isa = PBXGroup;
			children = (
				1DF0030E187A52DE0085257E /* testKvo.entitlements */,
				1D61E1311871D15800E1A730 /* model */,
				1D36AB03187AC7990008E430 /* MyUICollectionView */,
				1D36AAFA187A79BC0008E430 /* ViewController3.h */,
				1D36AAFB187A79BC0008E430 /* ViewController3.m */,
				1DF00317187A6B050085257E /* pageViewController.h */,
				1DF00318187A6B050085257E /* pageViewController.m */,
				1D6FDDAA1871645800A4AE6B /* ViewController.h */,
				1D6FDDAB1871645800A4AE6B /* ViewController.m */,
				1DB8743B18765F1200135F86 /* ViewController2.h */,
				1DB8743C18765F1200135F86 /* ViewController2.m */,
				1D6FDD9C1871645800A4AE6B /* Supporting Files */,
			);
			path = testKvo;
			sourceTree = "<group>";
		};
		1D6FDD9C1871645800A4AE6B /* Supporting Files */ = {
			isa = PBXGroup;
			children = (
				1D6FDDA41871645800A4AE6B /* AppDelegate.h */,
				1D6FDDA51871645800A4AE6B /* AppDelegate.m */,
				1D6FDD9D1871645800A4AE6B /* testKvo-Info.plist */,
				1D6FDD9E1871645800A4AE6B /* InfoPlist.strings */,
				1D6FDDA11871645800A4AE6B /* main.m */,
				1D6FDDA31871645800A4AE6B /* testKvo-Prefix.pch */,
			);
			name = "Supporting Files";
			sourceTree = "<group>";
		};
		1D6FDDBA1871645800A4AE6B /* testKvoTests */ = {
			isa = PBXGroup;
			children = (
				1D6FDDC01871645800A4AE6B /* testKvoTests.m */,
				1D6FDDBB1871645800A4AE6B /* Supporting Files */,
			);
			path = testKvoTests;
			sourceTree = "<group>";
		};
		1D6FDDBB1871645800A4AE6B /* Supporting Files */ = {
			isa = PBXGroup;
			children = (
				1D6FDDBC1871645800A4AE6B /* testKvoTests-Info.plist */,
				1D6FDDBD1871645800A4AE6B /* InfoPlist.strings */,
			);
			name = "Supporting Files";
			sourceTree = "<group>";
		};
/* End PBXGroup section */

/* Begin PBXNativeTarget section */
		1D6FDD911871645800A4AE6B /* testKvo */ = {
			isa = PBXNativeTarget;
			buildConfigurationList = 1D6FDDC41871645800A4AE6B /* Build configuration list for PBXNativeTarget "testKvo" */;
			buildPhases = (
				1D6FDD8E1871645800A4AE6B /* Sources */,
				1D6FDD8F1871645800A4AE6B /* Frameworks */,
				1D6FDD901871645800A4AE6B /* Resources */,
			);
			buildRules = (
			);
			dependencies = (
			);
			name = testKvo;
			productName = testKvo;
			productReference = 1D6FDD921871645800A4AE6B /* testKvo.app */;
			productType = "com.apple.product-type.application";
		};
		1D6FDDB21871645800A4AE6B /* testKvoTests */ = {
			isa = PBXNativeTarget;
			buildConfigurationList = 1D6FDDC71871645800A4AE6B /* Build configuration list for PBXNativeTarget "testKvoTests" */;
			buildPhases = (
				1D6FDDAF1871645800A4AE6B /* Sources */,
				1D6FDDB01871645800A4AE6B /* Frameworks */,
				1D6FDDB11871645800A4AE6B /* Resources */,
			);
			buildRules = (
			);
			dependencies = (
				1D6FDDB91871645800A4AE6B /* PBXTargetDependency */,
			);
			name = testKvoTests;
			productName = testKvoTests;
			productReference = 1D6FDDB31871645800A4AE6B /* testKvoTests.xctest */;
			productType = "com.apple.product-type.bundle.unit-test";
		};
/* End PBXNativeTarget section */

/* Begin PBXProject section */
		1D6FDD8A1871645700A4AE6B /* Project object */ = {
			isa = PBXProject;
			attributes = {
				LastUpgradeCheck = 0500;
				ORGANIZATIONNAME = ChangZuozhen;
				TargetAttributes = {
					1D6FDD911871645800A4AE6B = {
						DevelopmentTeam = DKHSZDLJZX;
						SystemCapabilities = {
							com.apple.GameCenter = {
								enabled = 0;
							};
							com.apple.InAppPurchase = {
								enabled = 0;
							};
							com.apple.InterAppAudio = {
								enabled = 0;
							};
							com.apple.iCloud = {
								enabled = 0;
							};
						};
					};
					1D6FDDB21871645800A4AE6B = {
						TestTargetID = 1D6FDD911871645800A4AE6B;
					};
				};
			};
			buildConfigurationList = 1D6FDD8D1871645700A4AE6B /* Build configuration list for PBXProject "testKvo" */;
			compatibilityVersion = "Xcode 3.2";
			developmentRegion = English;
			hasScannedForEncodings = 0;
			knownRegions = (
				en,
				Base,
			);
			mainGroup = 1D6FDD891871645700A4AE6B;
			productRefGroup = 1D6FDD931871645800A4AE6B /* Products */;
			projectDirPath = "";
			projectRoot = "";
			targets = (
				1D6FDD911871645800A4AE6B /* testKvo */,
				1D6FDDB21871645800A4AE6B /* testKvoTests */,
			);
		};
/* End PBXProject section */

/* Begin PBXResourcesBuildPhase section */
		1D6FDD901871645800A4AE6B /* Resources */ = {
			isa = PBXResourcesBuildPhase;
			buildActionMask = 2147483647;
			files = (
				1D6FDDAE1871645800A4AE6B /* Images.xcassets in Resources */,
				1D6FDDA01871645800A4AE6B /* InfoPlist.strings in Resources */,
				1D6FDDA91871645800A4AE6B /* Main.storyboard in Resources */,
			);
			runOnlyForDeploymentPostprocessing = 0;
		};
		1D6FDDB11871645800A4AE6B /* Resources */ = {
			isa = PBXResourcesBuildPhase;
			buildActionMask = 2147483647;
			files = (
				1D6FDDBF1871645800A4AE6B /* InfoPlist.strings in Resources */,
			);
			runOnlyForDeploymentPostprocessing = 0;
		};
/* End PBXResourcesBuildPhase section */

/* Begin PBXSourcesBuildPhase section */
		1D6FDD8E1871645800A4AE6B /* Sources */ = {
			isa = PBXSourcesBuildPhase;
			buildActionMask = 2147483647;
			files = (
				1D6FDDAC1871645800A4AE6B /* ViewController.m in Sources */,
				1D6FDDA61871645800A4AE6B /* AppDelegate.m in Sources */,
				1DF00319187A6B050085257E /* pageViewController.m in Sources */,
				1DDC30CF187BA0AD001EE706 /* firstViewController.m in Sources */,
				1D6FDDCC1871646B00A4AE6B /* classA.m in Sources */,
				1D36AB06187AD1900008E430 /* collectionReusableView.m in Sources */,
				1D6FDDA21871645800A4AE6B /* main.m in Sources */,
				1D6FDDD0187164E800A4AE6B /* classb.m in Sources */,
				1D36AB02187AC7680008E430 /* collectionViewCell.m in Sources */,
				1D36AAFC187A79BC0008E430 /* ViewController3.m in Sources */,
				1DB8743D18765F1200135F86 /* ViewController2.m in Sources */,
				1DDC30CC187B9EEF001EE706 /* settings.m in Sources */,
				1D36AAFF187A7C6B0008E430 /* ViewController4.m in Sources */,
			);
			runOnlyForDeploymentPostprocessing = 0;
		};
		1D6FDDAF1871645800A4AE6B /* Sources */ = {
			isa = PBXSourcesBuildPhase;
			buildActionMask = 2147483647;
			files = (
				1D6FDDC11871645800A4AE6B /* testKvoTests.m in Sources */,
			);
			runOnlyForDeploymentPostprocessing = 0;
		};
/* End PBXSourcesBuildPhase section */

/* Begin PBXTargetDependency section */
		1D6FDDB91871645800A4AE6B /* PBXTargetDependency */ = {
			isa = PBXTargetDependency;
			target = 1D6FDD911871645800A4AE6B /* testKvo */;
			targetProxy = 1D6FDDB81871645800A4AE6B /* PBXContainerItemProxy */;
		};
/* End PBXTargetDependency section */

/* Begin PBXVariantGroup section */
		1D6FDD9E1871645800A4AE6B /* InfoPlist.strings */ = {
			isa = PBXVariantGroup;
			children = (
				1D6FDD9F1871645800A4AE6B /* en */,
			);
			name = InfoPlist.strings;
			sourceTree = "<group>";
		};
		1D6FDDA71871645800A4AE6B /* Main.storyboard */ = {
			isa = PBXVariantGroup;
			children = (
				1D6FDDA81871645800A4AE6B /* Base */,
			);
			name = Main.storyboard;
			sourceTree = "<group>";
		};
		1D6FDDBD1871645800A4AE6B /* InfoPlist.strings */ = {
			isa = PBXVariantGroup;
			children = (
				1D6FDDBE1871645800A4AE6B /* en */,
			);
			name = InfoPlist.strings;
			sourceTree = "<group>";
		};
/* End PBXVariantGroup section */

/* Begin XCBuildConfiguration section */
		1D6FDDC21871645800A4AE6B /* Debug */ = {
			isa = XCBuildConfiguration;
			buildSettings = {
				ALWAYS_SEARCH_USER_PATHS = NO;
				ARCHS = "$(ARCHS_STANDARD_INCLUDING_64_BIT)";
				CLANG_CXX_LANGUAGE_STANDARD = "gnu++0x";
				CLANG_CXX_LIBRARY = "libc++";
				CLANG_ENABLE_MODULES = YES;
				CLANG_ENABLE_OBJC_ARC = YES;
				CLANG_WARN_BOOL_CONVERSION = YES;
				CLANG_WARN_CONSTANT_CONVERSION = YES;
				CLANG_WARN_DIRECT_OBJC_ISA_USAGE = YES_ERROR;
				CLANG_WARN_EMPTY_BODY = YES;
				CLANG_WARN_ENUM_CONVERSION = YES;
				CLANG_WARN_INT_CONVERSION = YES;
				CLANG_WARN_OBJC_ROOT_CLASS = YES_ERROR;
				CLANG_WARN__DUPLICATE_METHOD_MATCH = YES;
				"CODE_SIGN_IDENTITY[sdk=iphoneos*]" = "iPhone Developer";
				COPY_PHASE_STRIP = NO;
				GCC_C_LANGUAGE_STANDARD = gnu99;
				GCC_DYNAMIC_NO_PIC = NO;
				GCC_OPTIMIZATION_LEVEL = 0;
				GCC_PREPROCESSOR_DEFINITIONS = (
					"DEBUG=1",
					"$(inherited)",
				);
				GCC_SYMBOLS_PRIVATE_EXTERN = NO;
				GCC_WARN_64_TO_32_BIT_CONVERSION = YES;
				GCC_WARN_ABOUT_RETURN_TYPE = YES_ERROR;
				GCC_WARN_UNDECLARED_SELECTOR = YES;
				GCC_WARN_UNINITIALIZED_AUTOS = YES;
				GCC_WARN_UNUSED_FUNCTION = YES;
				GCC_WARN_UNUSED_VARIABLE = YES;
				IPHONEOS_DEPLOYMENT_TARGET = 7.0;
				ONLY_ACTIVE_ARCH = YES;
				SDKROOT = iphoneos;
			};
			name = Debug;
		};
		1D6FDDC31871645800A4AE6B /* Release */ = {
			isa = XCBuildConfiguration;
			buildSettings = {
				ALWAYS_SEARCH_USER_PATHS = NO;
				ARCHS = "$(ARCHS_STANDARD_INCLUDING_64_BIT)";
				CLANG_CXX_LANGUAGE_STANDARD = "gnu++0x";
				CLANG_CXX_LIBRARY = "libc++";
				CLANG_ENABLE_MODULES = YES;
				CLANG_ENABLE_OBJC_ARC = YES;
				CLANG_WARN_BOOL_CONVERSION = YES;
				CLANG_WARN_CONSTANT_CONVERSION = YES;
				CLANG_WARN_DIRECT_OBJC_ISA_USAGE = YES_ERROR;
				CLANG_WARN_EMPTY_BODY = YES;
				CLANG_WARN_ENUM_CONVERSION = YES;
				CLANG_WARN_INT_CONVERSION = YES;
				CLANG_WARN_OBJC_ROOT_CLASS = YES_ERROR;
				CLANG_WARN__DUPLICATE_METHOD_MATCH = YES;
				"CODE_SIGN_IDENTITY[sdk=iphoneos*]" = "iPhone Developer";
				COPY_PHASE_STRIP = YES;
				ENABLE_NS_ASSERTIONS = NO;
				GCC_C_LANGUAGE_STANDARD = gnu99;
				GCC_WARN_64_TO_32_BIT_CONVERSION = YES;
				GCC_WARN_ABOUT_RETURN_TYPE = YES_ERROR;
				GCC_WARN_UNDECLARED_SELECTOR = YES;
				GCC_WARN_UNINITIALIZED_AUTOS = YES;
				GCC_WARN_UNUSED_FUNCTION = YES;
				GCC_WARN_UNUSED_VARIABLE = YES;
				IPHONEOS_DEPLOYMENT_TARGET = 7.0;
				SDKROOT = iphoneos;
				VALIDATE_PRODUCT = YES;
			};
			name = Release;
		};
		1D6FDDC51871645800A4AE6B /* Debug */ = {
			isa = XCBuildConfiguration;
			buildSettings = {
				ASSETCATALOG_COMPILER_APPICON_NAME = AppIcon;
				ASSETCATALOG_COMPILER_LAUNCHIMAGE_NAME = LaunchImage;
				CODE_SIGN_IDENTITY = "iPhone Developer";
				"CODE_SIGN_IDENTITY[sdk=iphoneos*]" = "iPhone Developer";
				GCC_PRECOMPILE_PREFIX_HEADER = YES;
				GCC_PREFIX_HEADER = "testKvo/testKvo-Prefix.pch";
				INFOPLIST_FILE = "testKvo/testKvo-Info.plist";
				IPHONEOS_DEPLOYMENT_TARGET = 7.0;
				PRODUCT_NAME = "$(TARGET_NAME)";
				PROVISIONING_PROFILE = "";
				TARGETED_DEVICE_FAMILY = "1,2";
				WRAPPER_EXTENSION = app;
			};
			name = Debug;
		};
		1D6FDDC61871645800A4AE6B /* Release */ = {
			isa = XCBuildConfiguration;
			buildSettings = {
				ASSETCATALOG_COMPILER_APPICON_NAME = AppIcon;
				ASSETCATALOG_COMPILER_LAUNCHIMAGE_NAME = LaunchImage;
				CODE_SIGN_IDENTITY = "iPhone Developer";
				"CODE_SIGN_IDENTITY[sdk=iphoneos*]" = "iPhone Developer";
				GCC_PRECOMPILE_PREFIX_HEADER = YES;
				GCC_PREFIX_HEADER = "testKvo/testKvo-Prefix.pch";
				INFOPLIST_FILE = "testKvo/testKvo-Info.plist";
				IPHONEOS_DEPLOYMENT_TARGET = 7.0;
				PRODUCT_NAME = "$(TARGET_NAME)";
				PROVISIONING_PROFILE = "";
				TARGETED_DEVICE_FAMILY = "1,2";
				WRAPPER_EXTENSION = app;
			};
			name = Release;
		};
		1D6FDDC81871645800A4AE6B /* Debug */ = {
			isa = XCBuildConfiguration;
			buildSettings = {
				ARCHS = "$(ARCHS_STANDARD_INCLUDING_64_BIT)";
				BUNDLE_LOADER = "$(BUILT_PRODUCTS_DIR)/testKvo.app/testKvo";
				FRAMEWORK_SEARCH_PATHS = (
					"$(SDKROOT)/Developer/Library/Frameworks",
					"$(inherited)",
					"$(DEVELOPER_FRAMEWORKS_DIR)",
				);
				GCC_PRECOMPILE_PREFIX_HEADER = YES;
				GCC_PREFIX_HEADER = "testKvo/testKvo-Prefix.pch";
				GCC_PREPROCESSOR_DEFINITIONS = (
					"DEBUG=1",
					"$(inherited)",
				);
				INFOPLIST_FILE = "testKvoTests/testKvoTests-Info.plist";
				PRODUCT_NAME = "$(TARGET_NAME)";
				TEST_HOST = "$(BUNDLE_LOADER)";
				WRAPPER_EXTENSION = xctest;
			};
			name = Debug;
		};
		1D6FDDC91871645800A4AE6B /* Release */ = {
			isa = XCBuildConfiguration;
			buildSettings = {
				ARCHS = "$(ARCHS_STANDARD_INCLUDING_64_BIT)";
				BUNDLE_LOADER = "$(BUILT_PRODUCTS_DIR)/testKvo.app/testKvo";
				FRAMEWORK_SEARCH_PATHS = (
					"$(SDKROOT)/Developer/Library/Frameworks",
					"$(inherited)",
					"$(DEVELOPER_FRAMEWORKS_DIR)",
				);
				GCC_PRECOMPILE_PREFIX_HEADER = YES;
				GCC_PREFIX_HEADER = "testKvo/testKvo-Prefix.pch";
				INFOPLIST_FILE = "testKvoTests/testKvoTests-Info.plist";
				PRODUCT_NAME = "$(TARGET_NAME)";
				TEST_HOST = "$(BUNDLE_LOADER)";
				WRAPPER_EXTENSION = xctest;
			};
			name = Release;
		};
/* End XCBuildConfiguration section */

/* Begin XCConfigurationList section */
		1D6FDD8D1871645700A4AE6B /* Build configuration list for PBXProject "testKvo" */ = {
			isa = XCConfigurationList;
			buildConfigurations = (
				1D6FDDC21871645800A4AE6B /* Debug */,
				1D6FDDC31871645800A4AE6B /* Release */,
			);
			defaultConfigurationIsVisible = 0;
			defaultConfigurationName = Release;
		};
		1D6FDDC41871645800A4AE6B /* Build configuration list for PBXNativeTarget "testKvo" */ = {
			isa = XCConfigurationList;
			buildConfigurations = (
				1D6FDDC51871645800A4AE6B /* Debug */,
				1D6FDDC61871645800A4AE6B /* Release */,
			);
			defaultConfigurationIsVisible = 0;
			defaultConfigurationName = Release;
		};
		1D6FDDC71871645800A4AE6B /* Build configuration list for PBXNativeTarget "testKvoTests" */ = {
			isa = XCConfigurationList;
			buildConfigurations = (
				1D6FDDC81871645800A4AE6B /* Debug */,
				1D6FDDC91871645800A4AE6B /* Release */,
			);
			defaultConfigurationIsVisible = 0;
			defaultConfigurationName = Release;
		};
/* End XCConfigurationList section */
	};
	rootObject = 1D6FDD8A1871645700A4AE6B /* Project object */;
}
